
Microsoft Visual Studio Solution File, Format Version 12.00
# Visual Studio Version 17
VisualStudioVersion = 17.3.32929.385
MinimumVisualStudioVersion = 10.0.40219.1
Project("{9A19103F-16F7-4668-BE54-9A1E7A4F7556}") = "GrpcService1", "Examples\Hosts\GrpcService1\GrpcService1.csproj", "{E48B80C8-121B-4C85-9F9B-EF18276FE6A7}"
EndProject
Project("{9A19103F-16F7-4668-BE54-9A1E7A4F7556}") = "GrpcService2", "Examples\Hosts\GrpcService2\GrpcService2.csproj", "{6AC6D688-1BEE-4355-9A89-462FD66BA323}"
EndProject
Project("{2150E333-8FDC-42A3-9474-1A3956D46DE8}") = "Kestrel", "Kestrel", "{6F668A74-2077-4D42-A61F-B905D71629BB}"
EndProject
Project("{2150E333-8FDC-42A3-9474-1A3956D46DE8}") = "DirectSocket", "DirectSocket", "{1F603DC6-836D-41D4-91F5-51C22CB62004}"
EndProject
Project("{2150E333-8FDC-42A3-9474-1A3956D46DE8}") = "MemoryQueue.Clients", "MemoryQueue.Clients", "{4B9E49B1-55EC-4EE1-85A6-B844D3B9A646}"
	ProjectSection(SolutionItems) = preProject
		TODO.txt = TODO.txt
	EndProjectSection
EndProject
Project("{2150E333-8FDC-42A3-9474-1A3956D46DE8}") = "MemoryQueue.Impl", "MemoryQueue.Impl", "{69EE0F82-BEA2-49DD-B34D-8984ECAE99D6}"
EndProject
Project("{2150E333-8FDC-42A3-9474-1A3956D46DE8}") = "Examples", "Examples", "{5E058AF7-9BE2-4DA3-A0ED-3E9D2090CF61}"
EndProject
Project("{9A19103F-16F7-4668-BE54-9A1E7A4F7556}") = "MemoryQueue.Client.Grpc", "MemoryQueue.Client.Grpc\MemoryQueue.Client.Grpc.csproj", "{6F0521E8-AAE8-477B-9ED0-D4E8ABF5F500}"
EndProject
Project("{9A19103F-16F7-4668-BE54-9A1E7A4F7556}") = "MemoryQueue", "MemoryQueue\MemoryQueue.csproj", "{3CF86101-D7F3-46B8-A26B-C4979D896875}"
EndProject
Project("{9A19103F-16F7-4668-BE54-9A1E7A4F7556}") = "Winforms.App", "Examples\Clients\Winforms.App\Winforms.App.csproj", "{3F9B02BA-FDF5-49A2-ADFD-F6B7F673F680}"
EndProject
Project("{9A19103F-16F7-4668-BE54-9A1E7A4F7556}") = "Console.App", "Examples\Clients\Console.App\Console.App.csproj", "{7E81524B-41AB-4556-8C17-B7267A24D87F}"
EndProject
Project("{2150E333-8FDC-42A3-9474-1A3956D46DE8}") = "Clients", "Clients", "{9A35E823-9EBE-49A1-A7B0-9024CADBD265}"
EndProject
Project("{2150E333-8FDC-42A3-9474-1A3956D46DE8}") = "Hosts", "Hosts", "{EAF9A1DB-8C1C-442A-9F12-46E075E19F41}"
EndProject
Project("{9A19103F-16F7-4668-BE54-9A1E7A4F7556}") = "MemoryQueue.Tests", "MemoryQueue.Tests\MemoryQueue.Tests.csproj", "{0A72ABF7-8FB1-4938-96D8-4DF656F0F9C9}"
EndProject
Project("{2150E333-8FDC-42A3-9474-1A3956D46DE8}") = "Console", "Console", "{17D0C8D1-60A7-4A81-8A60-EF0199390B71}"
EndProject
Project("{FAE04EC0-301F-11D3-BF4B-00C04F79EFBC}") = "Console.Host", "Examples\Hosts\Console.Host\Console.Host.csproj", "{BEAAB249-9076-4CA9-A5C8-2B5A03F1CDA0}"
EndProject
Global
	GlobalSection(SolutionConfigurationPlatforms) = preSolution
		Debug|Any CPU = Debug|Any CPU
		Release|Any CPU = Release|Any CPU
	EndGlobalSection
	GlobalSection(ProjectConfigurationPlatforms) = postSolution
		{E48B80C8-121B-4C85-9F9B-EF18276FE6A7}.Debug|Any CPU.ActiveCfg = Debug|Any CPU
		{E48B80C8-121B-4C85-9F9B-EF18276FE6A7}.Debug|Any CPU.Build.0 = Debug|Any CPU
		{E48B80C8-121B-4C85-9F9B-EF18276FE6A7}.Release|Any CPU.ActiveCfg = Release|Any CPU
		{E48B80C8-121B-4C85-9F9B-EF18276FE6A7}.Release|Any CPU.Build.0 = Release|Any CPU
		{6AC6D688-1BEE-4355-9A89-462FD66BA323}.Debug|Any CPU.ActiveCfg = Debug|Any CPU
		{6AC6D688-1BEE-4355-9A89-462FD66BA323}.Debug|Any CPU.Build.0 = Debug|Any CPU
		{6AC6D688-1BEE-4355-9A89-462FD66BA323}.Release|Any CPU.ActiveCfg = Release|Any CPU
		{6AC6D688-1BEE-4355-9A89-462FD66BA323}.Release|Any CPU.Build.0 = Release|Any CPU
		{6F0521E8-AAE8-477B-9ED0-D4E8ABF5F500}.Debug|Any CPU.ActiveCfg = Debug|Any CPU
		{6F0521E8-AAE8-477B-9ED0-D4E8ABF5F500}.Debug|Any CPU.Build.0 = Debug|Any CPU
		{6F0521E8-AAE8-477B-9ED0-D4E8ABF5F500}.Release|Any CPU.ActiveCfg = Release|Any CPU
		{6F0521E8-AAE8-477B-9ED0-D4E8ABF5F500}.Release|Any CPU.Build.0 = Release|Any CPU
		{3CF86101-D7F3-46B8-A26B-C4979D896875}.Debug|Any CPU.ActiveCfg = Debug|Any CPU
		{3CF86101-D7F3-46B8-A26B-C4979D896875}.Debug|Any CPU.Build.0 = Debug|Any CPU
		{3CF86101-D7F3-46B8-A26B-C4979D896875}.Release|Any CPU.ActiveCfg = Release|Any CPU
		{3CF86101-D7F3-46B8-A26B-C4979D896875}.Release|Any CPU.Build.0 = Release|Any CPU
		{3F9B02BA-FDF5-49A2-ADFD-F6B7F673F680}.Debug|Any CPU.ActiveCfg = Debug|Any CPU
		{3F9B02BA-FDF5-49A2-ADFD-F6B7F673F680}.Debug|Any CPU.Build.0 = Debug|Any CPU
		{3F9B02BA-FDF5-49A2-ADFD-F6B7F673F680}.Release|Any CPU.ActiveCfg = Release|Any CPU
		{3F9B02BA-FDF5-49A2-ADFD-F6B7F673F680}.Release|Any CPU.Build.0 = Release|Any CPU
		{7E81524B-41AB-4556-8C17-B7267A24D87F}.Debug|Any CPU.ActiveCfg = Debug|Any CPU
		{7E81524B-41AB-4556-8C17-B7267A24D87F}.Debug|Any CPU.Build.0 = Debug|Any CPU
		{7E81524B-41AB-4556-8C17-B7267A24D87F}.Release|Any CPU.ActiveCfg = Release|Any CPU
		{7E81524B-41AB-4556-8C17-B7267A24D87F}.Release|Any CPU.Build.0 = Release|Any CPU
		{0A72ABF7-8FB1-4938-96D8-4DF656F0F9C9}.Debug|Any CPU.ActiveCfg = Debug|Any CPU
		{0A72ABF7-8FB1-4938-96D8-4DF656F0F9C9}.Debug|Any CPU.Build.0 = Debug|Any CPU
		{0A72ABF7-8FB1-4938-96D8-4DF656F0F9C9}.Release|Any CPU.ActiveCfg = Release|Any CPU
		{0A72ABF7-8FB1-4938-96D8-4DF656F0F9C9}.Release|Any CPU.Build.0 = Release|Any CPU
		{BEAAB249-9076-4CA9-A5C8-2B5A03F1CDA0}.Debug|Any CPU.ActiveCfg = Debug|Any CPU
		{BEAAB249-9076-4CA9-A5C8-2B5A03F1CDA0}.Debug|Any CPU.Build.0 = Debug|Any CPU
		{BEAAB249-9076-4CA9-A5C8-2B5A03F1CDA0}.Release|Any CPU.ActiveCfg = Release|Any CPU
		{BEAAB249-9076-4CA9-A5C8-2B5A03F1CDA0}.Release|Any CPU.Build.0 = Release|Any CPU
	EndGlobalSection
	GlobalSection(SolutionProperties) = preSolution
		HideSolutionNode = FALSE
	EndGlobalSection
	GlobalSection(NestedProjects) = preSolution
		{E48B80C8-121B-4C85-9F9B-EF18276FE6A7} = {6F668A74-2077-4D42-A61F-B905D71629BB}
		{6AC6D688-1BEE-4355-9A89-462FD66BA323} = {1F603DC6-836D-41D4-91F5-51C22CB62004}
		{6F668A74-2077-4D42-A61F-B905D71629BB} = {EAF9A1DB-8C1C-442A-9F12-46E075E19F41}
		{1F603DC6-836D-41D4-91F5-51C22CB62004} = {EAF9A1DB-8C1C-442A-9F12-46E075E19F41}
		{6F0521E8-AAE8-477B-9ED0-D4E8ABF5F500} = {4B9E49B1-55EC-4EE1-85A6-B844D3B9A646}
		{3CF86101-D7F3-46B8-A26B-C4979D896875} = {69EE0F82-BEA2-49DD-B34D-8984ECAE99D6}
		{3F9B02BA-FDF5-49A2-ADFD-F6B7F673F680} = {9A35E823-9EBE-49A1-A7B0-9024CADBD265}
		{7E81524B-41AB-4556-8C17-B7267A24D87F} = {9A35E823-9EBE-49A1-A7B0-9024CADBD265}
		{9A35E823-9EBE-49A1-A7B0-9024CADBD265} = {5E058AF7-9BE2-4DA3-A0ED-3E9D2090CF61}
		{EAF9A1DB-8C1C-442A-9F12-46E075E19F41} = {5E058AF7-9BE2-4DA3-A0ED-3E9D2090CF61}
		{0A72ABF7-8FB1-4938-96D8-4DF656F0F9C9} = {69EE0F82-BEA2-49DD-B34D-8984ECAE99D6}
		{17D0C8D1-60A7-4A81-8A60-EF0199390B71} = {EAF9A1DB-8C1C-442A-9F12-46E075E19F41}
		{BEAAB249-9076-4CA9-A5C8-2B5A03F1CDA0} = {17D0C8D1-60A7-4A81-8A60-EF0199390B71}
	EndGlobalSection
	GlobalSection(ExtensibilityGlobals) = postSolution
		SolutionGuid = {D7773216-7FFF-4DED-9FCB-A63B5C247D9E}
	EndGlobalSection
EndGlobal
