
Microsoft Visual Studio Solution File, Format Version 12.00
# Visual Studio Version 17
VisualStudioVersion = 17.3.32929.385
MinimumVisualStudioVersion = 10.0.40219.1
Project("{9A19103F-16F7-4668-BE54-9A1E7A4F7556}") = "GrpcService1", "Examples\Hosts\GrpcService1\GrpcService1.csproj", "{E48B80C8-121B-4C85-9F9B-EF18276FE6A7}"
EndProject
Project("{9A19103F-16F7-4668-BE54-9A1E7A4F7556}") = "GrpcService2", "Examples\Hosts\GrpcService2\GrpcService2.csproj", "{6AC6D688-1BEE-4355-9A89-462FD66BA323}"
EndProject
Project("{2150E333-8FDC-42A3-9474-1A3956D46DE8}") = "Kestrel", "Kestrel", "{6F668A74-2077-4D42-A61F-B905D71629BB}"
EndProject
Project("{2150E333-8FDC-42A3-9474-1A3956D46DE8}") = "DirectSocket", "DirectSocket", "{1F603DC6-836D-41D4-91F5-51C22CB62004}"
EndProject
Project("{2150E333-8FDC-42A3-9474-1A3956D46DE8}") = "MemoryQueue.Clients", "MemoryQueue.Clients", "{4B9E49B1-55EC-4EE1-85A6-B844D3B9A646}"
EndProject
Project("{2150E333-8FDC-42A3-9474-1A3956D46DE8}") = "MemoryQueue.Impl", "MemoryQueue.Impl", "{69EE0F82-BEA2-49DD-B34D-8984ECAE99D6}"
	ProjectSection(SolutionItems) = preProject
		TODO.txt = TODO.txt
	EndProjectSection
EndProject
Project("{2150E333-8FDC-42A3-9474-1A3956D46DE8}") = "Examples", "Examples", "{5E058AF7-9BE2-4DA3-A0ED-3E9D2090CF61}"
EndProject
Project("{9A19103F-16F7-4668-BE54-9A1E7A4F7556}") = "MemoryQueue.Client.Grpc", "MemoryQueue.Client.Grpc\MemoryQueue.Client.Grpc.csproj", "{6F0521E8-AAE8-477B-9ED0-D4E8ABF5F500}"
EndProject
Project("{9A19103F-16F7-4668-BE54-9A1E7A4F7556}") = "Winforms.App", "Examples\Clients\Winforms.App\Winforms.App.csproj", "{3F9B02BA-FDF5-49A2-ADFD-F6B7F673F680}"
EndProject
Project("{9A19103F-16F7-4668-BE54-9A1E7A4F7556}") = "Console.App", "Examples\Clients\Console.App\Console.App.csproj", "{7E81524B-41AB-4556-8C17-B7267A24D87F}"
EndProject
Project("{2150E333-8FDC-42A3-9474-1A3956D46DE8}") = "Clients", "Clients", "{9A35E823-9EBE-49A1-A7B0-9024CADBD265}"
EndProject
Project("{2150E333-8FDC-42A3-9474-1A3956D46DE8}") = "Hosts", "Hosts", "{EAF9A1DB-8C1C-442A-9F12-46E075E19F41}"
EndProject
Project("{9A19103F-16F7-4668-BE54-9A1E7A4F7556}") = "MemoryQueue.Tests", "MemoryQueue.Tests\MemoryQueue.Tests.csproj", "{0A72ABF7-8FB1-4938-96D8-4DF656F0F9C9}"
EndProject
Project("{2150E333-8FDC-42A3-9474-1A3956D46DE8}") = "Console", "Console", "{17D0C8D1-60A7-4A81-8A60-EF0199390B71}"
EndProject
Project("{9A19103F-16F7-4668-BE54-9A1E7A4F7556}") = "Console.Host", "Examples\Hosts\Console.Host\Console.Host.csproj", "{BEAAB249-9076-4CA9-A5C8-2B5A03F1CDA0}"
EndProject
Project("{2150E333-8FDC-42A3-9474-1A3956D46DE8}") = "Blazor", "Blazor", "{D1E6E952-2151-4D10-AD03-EDEEF1D701D6}"
EndProject
Project("{9A19103F-16F7-4668-BE54-9A1E7A4F7556}") = "InMemoryQueue.Blazor.Host.Server", "Examples\Hosts\InMemoryQueue.Blazor.Host\Server\InMemoryQueue.Blazor.Host.Server.csproj", "{FE526428-F2C3-4751-A504-807B7DDFEF23}"
EndProject
Project("{9A19103F-16F7-4668-BE54-9A1E7A4F7556}") = "InMemoryQueue.Blazor.Host.Client", "Examples\Hosts\InMemoryQueue.Blazor.Host\Client\InMemoryQueue.Blazor.Host.Client.csproj", "{B02319A6-6347-4C6E-80B4-3AFFB346BD58}"
EndProject
Project("{9A19103F-16F7-4668-BE54-9A1E7A4F7556}") = "InMemoryQueue.Blazor.Host.Shared", "Examples\Hosts\InMemoryQueue.Blazor.Host\Shared\InMemoryQueue.Blazor.Host.Shared.csproj", "{CA05EF53-6134-4E58-ACE7-BEA23227AE73}"
EndProject
Project("{9A19103F-16F7-4668-BE54-9A1E7A4F7556}") = "MemoryQueue.GRPC", "MemoryQueue.GRPC\MemoryQueue.GRPC.csproj", "{9B0551D9-8C10-4EE8-AD80-DDC22478B203}"
EndProject
Project("{9A19103F-16F7-4668-BE54-9A1E7A4F7556}") = "MemoryQueue.Base", "MemoryQueue.Base\MemoryQueue.Base.csproj", "{9B225422-A535-4D93-B452-1097DB8A7671}"
EndProject
Project("{2150E333-8FDC-42A3-9474-1A3956D46DE8}") = "Tests", "Tests", "{8E9ABC9B-6356-46BD-90D7-85089A5E4BD2}"
EndProject
Project("{9A19103F-16F7-4668-BE54-9A1E7A4F7556}") = "MemoryQueue.SignalR", "MemoryQueue.SignalR\MemoryQueue.SignalR.csproj", "{0179C8B1-803A-4048-B55B-02FDD720ABD8}"
EndProject
Project("{9A19103F-16F7-4668-BE54-9A1E7A4F7556}") = "InMemoryQueue.Console.SignalR.Client", "InMemoryQueue.Console.SignalR.Client\InMemoryQueue.Console.SignalR.Client.csproj", "{0420D1FF-2D9D-42C5-B095-940512CD4FFF}"
EndProject
Project("{9A19103F-16F7-4668-BE54-9A1E7A4F7556}") = "MemoryQueue.Client.SignalR", "MemoryQueue.Client.SignalR\MemoryQueue.Client.SignalR.csproj", "{0811FE4F-52C6-44F2-883F-5F2FA846B225}"
EndProject
Project("{FAE04EC0-301F-11D3-BF4B-00C04F79EFBC}") = "MemoryQueue.SignalR.Models", "MemoryQueue.SignalR.Models\MemoryQueue.SignalR.Models.csproj", "{E44B380F-9800-4709-BD2E-531677C1203B}"
EndProject
Global
	GlobalSection(SolutionConfigurationPlatforms) = preSolution
		Debug|Any CPU = Debug|Any CPU
		Release|Any CPU = Release|Any CPU
	EndGlobalSection
	GlobalSection(ProjectConfigurationPlatforms) = postSolution
		{E48B80C8-121B-4C85-9F9B-EF18276FE6A7}.Debug|Any CPU.ActiveCfg = Debug|Any CPU
		{E48B80C8-121B-4C85-9F9B-EF18276FE6A7}.Debug|Any CPU.Build.0 = Debug|Any CPU
		{E48B80C8-121B-4C85-9F9B-EF18276FE6A7}.Release|Any CPU.ActiveCfg = Release|Any CPU
		{E48B80C8-121B-4C85-9F9B-EF18276FE6A7}.Release|Any CPU.Build.0 = Release|Any CPU
		{6AC6D688-1BEE-4355-9A89-462FD66BA323}.Debug|Any CPU.ActiveCfg = Debug|Any CPU
		{6AC6D688-1BEE-4355-9A89-462FD66BA323}.Debug|Any CPU.Build.0 = Debug|Any CPU
		{6AC6D688-1BEE-4355-9A89-462FD66BA323}.Release|Any CPU.ActiveCfg = Release|Any CPU
		{6AC6D688-1BEE-4355-9A89-462FD66BA323}.Release|Any CPU.Build.0 = Release|Any CPU
		{6F0521E8-AAE8-477B-9ED0-D4E8ABF5F500}.Debug|Any CPU.ActiveCfg = Debug|Any CPU
		{6F0521E8-AAE8-477B-9ED0-D4E8ABF5F500}.Debug|Any CPU.Build.0 = Debug|Any CPU
		{6F0521E8-AAE8-477B-9ED0-D4E8ABF5F500}.Release|Any CPU.ActiveCfg = Release|Any CPU
		{6F0521E8-AAE8-477B-9ED0-D4E8ABF5F500}.Release|Any CPU.Build.0 = Release|Any CPU
		{3F9B02BA-FDF5-49A2-ADFD-F6B7F673F680}.Debug|Any CPU.ActiveCfg = Debug|Any CPU
		{3F9B02BA-FDF5-49A2-ADFD-F6B7F673F680}.Debug|Any CPU.Build.0 = Debug|Any CPU
		{3F9B02BA-FDF5-49A2-ADFD-F6B7F673F680}.Release|Any CPU.ActiveCfg = Release|Any CPU
		{3F9B02BA-FDF5-49A2-ADFD-F6B7F673F680}.Release|Any CPU.Build.0 = Release|Any CPU
		{7E81524B-41AB-4556-8C17-B7267A24D87F}.Debug|Any CPU.ActiveCfg = Debug|Any CPU
		{7E81524B-41AB-4556-8C17-B7267A24D87F}.Debug|Any CPU.Build.0 = Debug|Any CPU
		{7E81524B-41AB-4556-8C17-B7267A24D87F}.Release|Any CPU.ActiveCfg = Release|Any CPU
		{7E81524B-41AB-4556-8C17-B7267A24D87F}.Release|Any CPU.Build.0 = Release|Any CPU
		{0A72ABF7-8FB1-4938-96D8-4DF656F0F9C9}.Debug|Any CPU.ActiveCfg = Debug|Any CPU
		{0A72ABF7-8FB1-4938-96D8-4DF656F0F9C9}.Debug|Any CPU.Build.0 = Debug|Any CPU
		{0A72ABF7-8FB1-4938-96D8-4DF656F0F9C9}.Release|Any CPU.ActiveCfg = Release|Any CPU
		{0A72ABF7-8FB1-4938-96D8-4DF656F0F9C9}.Release|Any CPU.Build.0 = Release|Any CPU
		{BEAAB249-9076-4CA9-A5C8-2B5A03F1CDA0}.Debug|Any CPU.ActiveCfg = Debug|Any CPU
		{BEAAB249-9076-4CA9-A5C8-2B5A03F1CDA0}.Debug|Any CPU.Build.0 = Debug|Any CPU
		{BEAAB249-9076-4CA9-A5C8-2B5A03F1CDA0}.Release|Any CPU.ActiveCfg = Release|Any CPU
		{BEAAB249-9076-4CA9-A5C8-2B5A03F1CDA0}.Release|Any CPU.Build.0 = Release|Any CPU
		{FE526428-F2C3-4751-A504-807B7DDFEF23}.Debug|Any CPU.ActiveCfg = Debug|Any CPU
		{FE526428-F2C3-4751-A504-807B7DDFEF23}.Debug|Any CPU.Build.0 = Debug|Any CPU
		{FE526428-F2C3-4751-A504-807B7DDFEF23}.Release|Any CPU.ActiveCfg = Release|Any CPU
		{FE526428-F2C3-4751-A504-807B7DDFEF23}.Release|Any CPU.Build.0 = Release|Any CPU
		{B02319A6-6347-4C6E-80B4-3AFFB346BD58}.Debug|Any CPU.ActiveCfg = Debug|Any CPU
		{B02319A6-6347-4C6E-80B4-3AFFB346BD58}.Debug|Any CPU.Build.0 = Debug|Any CPU
		{B02319A6-6347-4C6E-80B4-3AFFB346BD58}.Release|Any CPU.ActiveCfg = Release|Any CPU
		{B02319A6-6347-4C6E-80B4-3AFFB346BD58}.Release|Any CPU.Build.0 = Release|Any CPU
		{CA05EF53-6134-4E58-ACE7-BEA23227AE73}.Debug|Any CPU.ActiveCfg = Debug|Any CPU
		{CA05EF53-6134-4E58-ACE7-BEA23227AE73}.Debug|Any CPU.Build.0 = Debug|Any CPU
		{CA05EF53-6134-4E58-ACE7-BEA23227AE73}.Release|Any CPU.ActiveCfg = Release|Any CPU
		{CA05EF53-6134-4E58-ACE7-BEA23227AE73}.Release|Any CPU.Build.0 = Release|Any CPU
		{9B0551D9-8C10-4EE8-AD80-DDC22478B203}.Debug|Any CPU.ActiveCfg = Debug|Any CPU
		{9B0551D9-8C10-4EE8-AD80-DDC22478B203}.Debug|Any CPU.Build.0 = Debug|Any CPU
		{9B0551D9-8C10-4EE8-AD80-DDC22478B203}.Release|Any CPU.ActiveCfg = Release|Any CPU
		{9B0551D9-8C10-4EE8-AD80-DDC22478B203}.Release|Any CPU.Build.0 = Release|Any CPU
		{9B225422-A535-4D93-B452-1097DB8A7671}.Debug|Any CPU.ActiveCfg = Debug|Any CPU
		{9B225422-A535-4D93-B452-1097DB8A7671}.Debug|Any CPU.Build.0 = Debug|Any CPU
		{9B225422-A535-4D93-B452-1097DB8A7671}.Release|Any CPU.ActiveCfg = Release|Any CPU
		{9B225422-A535-4D93-B452-1097DB8A7671}.Release|Any CPU.Build.0 = Release|Any CPU
		{0179C8B1-803A-4048-B55B-02FDD720ABD8}.Debug|Any CPU.ActiveCfg = Debug|Any CPU
		{0179C8B1-803A-4048-B55B-02FDD720ABD8}.Debug|Any CPU.Build.0 = Debug|Any CPU
		{0179C8B1-803A-4048-B55B-02FDD720ABD8}.Release|Any CPU.ActiveCfg = Release|Any CPU
		{0179C8B1-803A-4048-B55B-02FDD720ABD8}.Release|Any CPU.Build.0 = Release|Any CPU
		{0420D1FF-2D9D-42C5-B095-940512CD4FFF}.Debug|Any CPU.ActiveCfg = Debug|Any CPU
		{0420D1FF-2D9D-42C5-B095-940512CD4FFF}.Debug|Any CPU.Build.0 = Debug|Any CPU
		{0420D1FF-2D9D-42C5-B095-940512CD4FFF}.Release|Any CPU.ActiveCfg = Release|Any CPU
		{0420D1FF-2D9D-42C5-B095-940512CD4FFF}.Release|Any CPU.Build.0 = Release|Any CPU
		{0811FE4F-52C6-44F2-883F-5F2FA846B225}.Debug|Any CPU.ActiveCfg = Debug|Any CPU
		{0811FE4F-52C6-44F2-883F-5F2FA846B225}.Debug|Any CPU.Build.0 = Debug|Any CPU
		{0811FE4F-52C6-44F2-883F-5F2FA846B225}.Release|Any CPU.ActiveCfg = Release|Any CPU
		{0811FE4F-52C6-44F2-883F-5F2FA846B225}.Release|Any CPU.Build.0 = Release|Any CPU
		{E44B380F-9800-4709-BD2E-531677C1203B}.Debug|Any CPU.ActiveCfg = Debug|Any CPU
		{E44B380F-9800-4709-BD2E-531677C1203B}.Debug|Any CPU.Build.0 = Debug|Any CPU
		{E44B380F-9800-4709-BD2E-531677C1203B}.Release|Any CPU.ActiveCfg = Release|Any CPU
		{E44B380F-9800-4709-BD2E-531677C1203B}.Release|Any CPU.Build.0 = Release|Any CPU
	EndGlobalSection
	GlobalSection(SolutionProperties) = preSolution
		HideSolutionNode = FALSE
	EndGlobalSection
	GlobalSection(NestedProjects) = preSolution
		{E48B80C8-121B-4C85-9F9B-EF18276FE6A7} = {6F668A74-2077-4D42-A61F-B905D71629BB}
		{6AC6D688-1BEE-4355-9A89-462FD66BA323} = {1F603DC6-836D-41D4-91F5-51C22CB62004}
		{6F668A74-2077-4D42-A61F-B905D71629BB} = {EAF9A1DB-8C1C-442A-9F12-46E075E19F41}
		{1F603DC6-836D-41D4-91F5-51C22CB62004} = {EAF9A1DB-8C1C-442A-9F12-46E075E19F41}
		{6F0521E8-AAE8-477B-9ED0-D4E8ABF5F500} = {4B9E49B1-55EC-4EE1-85A6-B844D3B9A646}
		{3F9B02BA-FDF5-49A2-ADFD-F6B7F673F680} = {9A35E823-9EBE-49A1-A7B0-9024CADBD265}
		{7E81524B-41AB-4556-8C17-B7267A24D87F} = {9A35E823-9EBE-49A1-A7B0-9024CADBD265}
		{9A35E823-9EBE-49A1-A7B0-9024CADBD265} = {5E058AF7-9BE2-4DA3-A0ED-3E9D2090CF61}
		{EAF9A1DB-8C1C-442A-9F12-46E075E19F41} = {5E058AF7-9BE2-4DA3-A0ED-3E9D2090CF61}
		{0A72ABF7-8FB1-4938-96D8-4DF656F0F9C9} = {8E9ABC9B-6356-46BD-90D7-85089A5E4BD2}
		{17D0C8D1-60A7-4A81-8A60-EF0199390B71} = {EAF9A1DB-8C1C-442A-9F12-46E075E19F41}
		{BEAAB249-9076-4CA9-A5C8-2B5A03F1CDA0} = {17D0C8D1-60A7-4A81-8A60-EF0199390B71}
		{D1E6E952-2151-4D10-AD03-EDEEF1D701D6} = {EAF9A1DB-8C1C-442A-9F12-46E075E19F41}
		{FE526428-F2C3-4751-A504-807B7DDFEF23} = {D1E6E952-2151-4D10-AD03-EDEEF1D701D6}
		{B02319A6-6347-4C6E-80B4-3AFFB346BD58} = {D1E6E952-2151-4D10-AD03-EDEEF1D701D6}
		{CA05EF53-6134-4E58-ACE7-BEA23227AE73} = {D1E6E952-2151-4D10-AD03-EDEEF1D701D6}
		{9B0551D9-8C10-4EE8-AD80-DDC22478B203} = {69EE0F82-BEA2-49DD-B34D-8984ECAE99D6}
		{9B225422-A535-4D93-B452-1097DB8A7671} = {69EE0F82-BEA2-49DD-B34D-8984ECAE99D6}
		{0179C8B1-803A-4048-B55B-02FDD720ABD8} = {69EE0F82-BEA2-49DD-B34D-8984ECAE99D6}
		{0420D1FF-2D9D-42C5-B095-940512CD4FFF} = {9A35E823-9EBE-49A1-A7B0-9024CADBD265}
		{0811FE4F-52C6-44F2-883F-5F2FA846B225} = {4B9E49B1-55EC-4EE1-85A6-B844D3B9A646}
		{E44B380F-9800-4709-BD2E-531677C1203B} = {69EE0F82-BEA2-49DD-B34D-8984ECAE99D6}
	EndGlobalSection
	GlobalSection(ExtensibilityGlobals) = postSolution
		SolutionGuid = {D7773216-7FFF-4DED-9FCB-A63B5C247D9E}
	EndGlobalSection
EndGlobal
